
Microsoft Visual Studio Solution File, Format Version 12.00
# Visual Studio Version 17
VisualStudioVersion = 17.11.35208.52
MinimumVisualStudioVersion = 10.0.40219.1
Project("{FAE04EC0-301F-11D3-BF4B-00C04F79EFBC}") = "Practico1", "Practico1\Practico1.csproj", "{3334D6BF-2024-4F27-894E-3C10632B02D2}"
EndProject
Project("{FAE04EC0-301F-11D3-BF4B-00C04F79EFBC}") = "Practico2", "Practico2\Practico2.csproj", "{0B0FCE52-F45E-4B6D-B390-9F5160861545}"
EndProject
Project("{FAE04EC0-301F-11D3-BF4B-00C04F79EFBC}") = "Practico3", "Practico03\Practico3.csproj", "{7B69CA66-4AFE-46BF-A4E8-C98FD1A58C32}"
EndProject
Global
	GlobalSection(SolutionConfigurationPlatforms) = preSolution
		Debug|Any CPU = Debug|Any CPU
		Release|Any CPU = Release|Any CPU
	EndGlobalSection
	GlobalSection(ProjectConfigurationPlatforms) = postSolution
		{3334D6BF-2024-4F27-894E-3C10632B02D2}.Debug|Any CPU.ActiveCfg = Debug|Any CPU
		{3334D6BF-2024-4F27-894E-3C10632B02D2}.Debug|Any CPU.Build.0 = Debug|Any CPU
		{3334D6BF-2024-4F27-894E-3C10632B02D2}.Release|Any CPU.ActiveCfg = Release|Any CPU
		{3334D6BF-2024-4F27-894E-3C10632B02D2}.Release|Any CPU.Build.0 = Release|Any CPU
		{0B0FCE52-F45E-4B6D-B390-9F5160861545}.Debug|Any CPU.ActiveCfg = Debug|Any CPU
		{0B0FCE52-F45E-4B6D-B390-9F5160861545}.Debug|Any CPU.Build.0 = Debug|Any CPU
		{0B0FCE52-F45E-4B6D-B390-9F5160861545}.Release|Any CPU.ActiveCfg = Release|Any CPU
		{0B0FCE52-F45E-4B6D-B390-9F5160861545}.Release|Any CPU.Build.0 = Release|Any CPU
		{7B69CA66-4AFE-46BF-A4E8-C98FD1A58C32}.Debug|Any CPU.ActiveCfg = Debug|Any CPU
		{7B69CA66-4AFE-46BF-A4E8-C98FD1A58C32}.Debug|Any CPU.Build.0 = Debug|Any CPU
		{7B69CA66-4AFE-46BF-A4E8-C98FD1A58C32}.Release|Any CPU.ActiveCfg = Release|Any CPU
		{7B69CA66-4AFE-46BF-A4E8-C98FD1A58C32}.Release|Any CPU.Build.0 = Release|Any CPU
	EndGlobalSection
	GlobalSection(SolutionProperties) = preSolution
		HideSolutionNode = FALSE
	EndGlobalSection
	GlobalSection(ExtensibilityGlobals) = postSolution
		SolutionGuid = {C1A91242-7DA6-4881-BDFD-2A164BA157D8}
	EndGlobalSection
EndGlobal
